
Microsoft Visual Studio Solution File, Format Version 12.00
# Visual Studio 2013
VisualStudioVersion = 12.0.31101.0
MinimumVisualStudioVersion = 10.0.40219.1
Project("{FAE04EC0-301F-11D3-BF4B-00C04F79EFBC}") = "WebSocketServer", "WebSocketServer\WebSocketServer.csproj", "{C514E23E-EFC9-4B10-BC77-E8402DEF411D}"
EndProject
Project("{2150E333-8FDC-42A3-9474-1A3956D46DE8}") = "Solution Items", "Solution Items", "{2F460CAA-EA1B-4B06-8FF4-4F7AD82E71DC}"
	ProjectSection(SolutionItems) = preProject
		Local.testsettings = Local.testsettings
		TraceAndTestImpact.testsettings = TraceAndTestImpact.testsettings
		WebSocketServer.vsmdi = WebSocketServer.vsmdi
	EndProjectSection
EndProject
Project("{FAE04EC0-301F-11D3-BF4B-00C04F79EFBC}") = "WebSocketServer.Tests", "WebSocketServer.Tests\WebSocketServer.Tests.csproj", "{AA8633C2-B060-43D2-B374-4B97E0A093A1}"
EndProject
Project("{FAE04EC0-301F-11D3-BF4B-00C04F79EFBC}") = "ConsoleTestApp", "ConsoleTestApp\ConsoleTestApp.csproj", "{B657A89F-07D1-4B0F-A9F6-3BDD23A87D67}"
EndProject
Global
	GlobalSection(SolutionConfigurationPlatforms) = preSolution
		Debug|Any CPU = Debug|Any CPU
		Debug|Mixed Platforms = Debug|Mixed Platforms
		Debug|x86 = Debug|x86
		Release|Any CPU = Release|Any CPU
		Release|Mixed Platforms = Release|Mixed Platforms
		Release|x86 = Release|x86
	EndGlobalSection
	GlobalSection(ProjectConfigurationPlatforms) = postSolution
		{C514E23E-EFC9-4B10-BC77-E8402DEF411D}.Debug|Any CPU.ActiveCfg = Debug|Any CPU
		{C514E23E-EFC9-4B10-BC77-E8402DEF411D}.Debug|Any CPU.Build.0 = Debug|Any CPU
		{C514E23E-EFC9-4B10-BC77-E8402DEF411D}.Debug|Mixed Platforms.ActiveCfg = Debug|Any CPU
		{C514E23E-EFC9-4B10-BC77-E8402DEF411D}.Debug|Mixed Platforms.Build.0 = Debug|Any CPU
		{C514E23E-EFC9-4B10-BC77-E8402DEF411D}.Debug|x86.ActiveCfg = Debug|Any CPU
		{C514E23E-EFC9-4B10-BC77-E8402DEF411D}.Release|Any CPU.ActiveCfg = Release|Any CPU
		{C514E23E-EFC9-4B10-BC77-E8402DEF411D}.Release|Any CPU.Build.0 = Release|Any CPU
		{C514E23E-EFC9-4B10-BC77-E8402DEF411D}.Release|Mixed Platforms.ActiveCfg = Release|Any CPU
		{C514E23E-EFC9-4B10-BC77-E8402DEF411D}.Release|Mixed Platforms.Build.0 = Release|Any CPU
		{C514E23E-EFC9-4B10-BC77-E8402DEF411D}.Release|x86.ActiveCfg = Release|Any CPU
		{AA8633C2-B060-43D2-B374-4B97E0A093A1}.Debug|Any CPU.ActiveCfg = Debug|Any CPU
		{AA8633C2-B060-43D2-B374-4B97E0A093A1}.Debug|Any CPU.Build.0 = Debug|Any CPU
		{AA8633C2-B060-43D2-B374-4B97E0A093A1}.Debug|Mixed Platforms.ActiveCfg = Debug|Any CPU
		{AA8633C2-B060-43D2-B374-4B97E0A093A1}.Debug|Mixed Platforms.Build.0 = Debug|Any CPU
		{AA8633C2-B060-43D2-B374-4B97E0A093A1}.Debug|x86.ActiveCfg = Debug|Any CPU
		{AA8633C2-B060-43D2-B374-4B97E0A093A1}.Release|Any CPU.ActiveCfg = Release|Any CPU
		{AA8633C2-B060-43D2-B374-4B97E0A093A1}.Release|Any CPU.Build.0 = Release|Any CPU
		{AA8633C2-B060-43D2-B374-4B97E0A093A1}.Release|Mixed Platforms.ActiveCfg = Release|Any CPU
		{AA8633C2-B060-43D2-B374-4B97E0A093A1}.Release|Mixed Platforms.Build.0 = Release|Any CPU
		{AA8633C2-B060-43D2-B374-4B97E0A093A1}.Release|x86.ActiveCfg = Release|Any CPU
		{B657A89F-07D1-4B0F-A9F6-3BDD23A87D67}.Debug|Any CPU.ActiveCfg = Debug|x86
		{B657A89F-07D1-4B0F-A9F6-3BDD23A87D67}.Debug|Mixed Platforms.ActiveCfg = Debug|x86
		{B657A89F-07D1-4B0F-A9F6-3BDD23A87D67}.Debug|Mixed Platforms.Build.0 = Debug|x86
		{B657A89F-07D1-4B0F-A9F6-3BDD23A87D67}.Debug|x86.ActiveCfg = Debug|x86
		{B657A89F-07D1-4B0F-A9F6-3BDD23A87D67}.Debug|x86.Build.0 = Debug|x86
		{B657A89F-07D1-4B0F-A9F6-3BDD23A87D67}.Release|Any CPU.ActiveCfg = Release|x86
		{B657A89F-07D1-4B0F-A9F6-3BDD23A87D67}.Release|Mixed Platforms.ActiveCfg = Release|x86
		{B657A89F-07D1-4B0F-A9F6-3BDD23A87D67}.Release|Mixed Platforms.Build.0 = Release|x86
		{B657A89F-07D1-4B0F-A9F6-3BDD23A87D67}.Release|x86.ActiveCfg = Release|x86
		{B657A89F-07D1-4B0F-A9F6-3BDD23A87D67}.Release|x86.Build.0 = Release|x86
	EndGlobalSection
	GlobalSection(SolutionProperties) = preSolution
		HideSolutionNode = FALSE
	EndGlobalSection
	GlobalSection(TestCaseManagementSettings) = postSolution
		CategoryFile = WebSocketServer.vsmdi
	EndGlobalSection
EndGlobal
